<?xml version="1.0" encoding="utf-8"?>
<Project ToolsVersion="4.0" xmlns="http://schemas.microsoft.com/developer/msbuild/2003">
  <ItemGroup>
    <ClCompile Include="cMeshBuilder.cpp" />
    <ClCompile Include="EntryPoint.cpp" />
    <ClCompile Include="ParserHelper.cpp" />
  </ItemGroup>
  <ItemGroup>
    <ClInclude Include="cMeshBuilder.h" />
    <ClInclude Include="ParserHelper.h" />
    <ClInclude Include="TagList.h" />
  </ItemGroup>
</Project>